
Microsoft Visual Studio Solution File, Format Version 12.00
# Visual Studio Version 17
VisualStudioVersion = 17.0.31815.197
MinimumVisualStudioVersion = 10.0.40219.1
Project("{FAE04EC0-301F-11D3-BF4B-00C04F79EFBC}") = "RecodeFitness.Api", "RecodeFitness.Api.csproj", "{C9552485-8821-4FC0-AFBA-4C7FA8124D29}"
EndProject
Global
	GlobalSection(SolutionConfigurationPlatforms) = preSolution
		Debug|Any CPU = Debug|Any CPU
		Release|Any CPU = Release|Any CPU
	EndGlobalSection
	GlobalSection(ProjectConfigurationPlatforms) = postSolution
		{C9552485-8821-4FC0-AFBA-4C7FA8124D29}.Debug|Any CPU.ActiveCfg = Debug|Any CPU
		{C9552485-8821-4FC0-AFBA-4C7FA8124D29}.Debug|Any CPU.Build.0 = Debug|Any CPU
		{C9552485-8821-4FC0-AFBA-4C7FA8124D29}.Release|Any CPU.ActiveCfg = Release|Any CPU
		{C9552485-8821-4FC0-AFBA-4C7FA8124D29}.Release|Any CPU.Build.0 = Release|Any CPU
	EndGlobalSection
	GlobalSection(SolutionProperties) = preSolution
		HideSolutionNode = FALSE
	EndGlobalSection
	GlobalSection(ExtensibilityGlobals) = postSolution
		SolutionGuid = {0AF4E349-1F47-4846-9B6A-214A223373C6}
	EndGlobalSection
EndGlobal
